
Microsoft Visual Studio Solution File, Format Version 12.00
# Visual Studio 2012
Project("{FAE04EC0-301F-11D3-BF4B-00C04F79EFBC}") = "Autolayout.iOS", "Autolayout.iOS\Autolayout.iOS.csproj", "{C37E4A44-E3AD-4B0A-90FD-06C870831402}"
EndProject
Project("{2150E333-8FDC-42A3-9474-1A3956D46DE8}") = "Solution Items", "Solution Items", "{83595C31-4831-4A1E-80A0-3421243E0F63}"
	ProjectSection(SolutionItems) = preProject
		iOS Autolayout & Size Classes.pdf = iOS Autolayout & Size Classes.pdf
	EndProjectSection
EndProject
Global
	GlobalSection(SolutionConfigurationPlatforms) = preSolution
		Debug|iPhoneSimulator = Debug|iPhoneSimulator
		Release|iPhoneSimulator = Release|iPhoneSimulator
		Debug|iPhone = Debug|iPhone
		Release|iPhone = Release|iPhone
		Ad-Hoc|iPhone = Ad-Hoc|iPhone
		AppStore|iPhone = AppStore|iPhone
	EndGlobalSection
	GlobalSection(ProjectConfigurationPlatforms) = postSolution
		{C37E4A44-E3AD-4B0A-90FD-06C870831402}.Ad-Hoc|iPhone.ActiveCfg = Ad-Hoc|iPhone
		{C37E4A44-E3AD-4B0A-90FD-06C870831402}.Ad-Hoc|iPhone.Build.0 = Ad-Hoc|iPhone
		{C37E4A44-E3AD-4B0A-90FD-06C870831402}.AppStore|iPhone.ActiveCfg = AppStore|iPhone
		{C37E4A44-E3AD-4B0A-90FD-06C870831402}.AppStore|iPhone.Build.0 = AppStore|iPhone
		{C37E4A44-E3AD-4B0A-90FD-06C870831402}.Debug|iPhone.ActiveCfg = Debug|iPhone
		{C37E4A44-E3AD-4B0A-90FD-06C870831402}.Debug|iPhone.Build.0 = Debug|iPhone
		{C37E4A44-E3AD-4B0A-90FD-06C870831402}.Debug|iPhoneSimulator.ActiveCfg = Debug|iPhoneSimulator
		{C37E4A44-E3AD-4B0A-90FD-06C870831402}.Debug|iPhoneSimulator.Build.0 = Debug|iPhoneSimulator
		{C37E4A44-E3AD-4B0A-90FD-06C870831402}.Release|iPhone.ActiveCfg = Release|iPhone
		{C37E4A44-E3AD-4B0A-90FD-06C870831402}.Release|iPhone.Build.0 = Release|iPhone
		{C37E4A44-E3AD-4B0A-90FD-06C870831402}.Release|iPhoneSimulator.ActiveCfg = Release|iPhoneSimulator
		{C37E4A44-E3AD-4B0A-90FD-06C870831402}.Release|iPhoneSimulator.Build.0 = Release|iPhoneSimulator
	EndGlobalSection
	GlobalSection(NestedProjects) = preSolution
	EndGlobalSection
EndGlobal
